
Microsoft Visual Studio Solution File, Format Version 12.00
Project("{FAE04EC0-301F-11D3-BF4B-00C04F79EFBC}") = "Multiples3or5", "Multiples3or5\Multiples3or5.csproj", "{3D4F89D4-E273-4304-8863-4137E374A205}"
EndProject
Project("{FAE04EC0-301F-11D3-BF4B-00C04F79EFBC}") = "Multiples3or5Tests", "Multiples3or5Tests\Multiples3or5Tests.csproj", "{46644CBC-6D3D-4B6D-A488-993B69CA8F0B}"
EndProject
Global
	GlobalSection(SolutionConfigurationPlatforms) = preSolution
		Debug|Any CPU = Debug|Any CPU
		Release|Any CPU = Release|Any CPU
	EndGlobalSection
	GlobalSection(ProjectConfigurationPlatforms) = postSolution
		{3D4F89D4-E273-4304-8863-4137E374A205}.Debug|Any CPU.ActiveCfg = Debug|Any CPU
		{3D4F89D4-E273-4304-8863-4137E374A205}.Debug|Any CPU.Build.0 = Debug|Any CPU
		{3D4F89D4-E273-4304-8863-4137E374A205}.Release|Any CPU.ActiveCfg = Release|Any CPU
		{3D4F89D4-E273-4304-8863-4137E374A205}.Release|Any CPU.Build.0 = Release|Any CPU
		{46644CBC-6D3D-4B6D-A488-993B69CA8F0B}.Debug|Any CPU.ActiveCfg = Debug|Any CPU
		{46644CBC-6D3D-4B6D-A488-993B69CA8F0B}.Debug|Any CPU.Build.0 = Debug|Any CPU
		{46644CBC-6D3D-4B6D-A488-993B69CA8F0B}.Release|Any CPU.ActiveCfg = Release|Any CPU
		{46644CBC-6D3D-4B6D-A488-993B69CA8F0B}.Release|Any CPU.Build.0 = Release|Any CPU
	EndGlobalSection
EndGlobal
